// !$*UTF8*$!
{
	archiveVersion = 1;
	classes = {
	};
	objectVersion = 47;
	objects = {

/* Begin PBXBuildFile section */
		20296CA11E405B2400DDD732 /* WebAPIKit.swift in Sources */ = {isa = PBXBuildFile; fileRef = 20296CA01E405B2400DDD732 /* WebAPIKit.swift */; };
		20296CA21E405B2400DDD732 /* WebAPIKit.swift in Sources */ = {isa = PBXBuildFile; fileRef = 20296CA01E405B2400DDD732 /* WebAPIKit.swift */; };
		20296CA31E405B2400DDD732 /* WebAPIKit.swift in Sources */ = {isa = PBXBuildFile; fileRef = 20296CA01E405B2400DDD732 /* WebAPIKit.swift */; };
		20296CA41E405B2400DDD732 /* WebAPIKit.swift in Sources */ = {isa = PBXBuildFile; fileRef = 20296CA01E405B2400DDD732 /* WebAPIKit.swift */; };
		20296CAB1E405BE100DDD732 /* WebAPIKitTests.swift in Sources */ = {isa = PBXBuildFile; fileRef = 20296CAA1E405BE100DDD732 /* WebAPIKitTests.swift */; };
		20296CAC1E405BE100DDD732 /* WebAPIKitTests.swift in Sources */ = {isa = PBXBuildFile; fileRef = 20296CAA1E405BE100DDD732 /* WebAPIKitTests.swift */; };
		20296CAD1E405BE100DDD732 /* WebAPIKitTests.swift in Sources */ = {isa = PBXBuildFile; fileRef = 20296CAA1E405BE100DDD732 /* WebAPIKitTests.swift */; };
		20296CD91E40626600DDD732 /* RequestHeaderKey.swift in Sources */ = {isa = PBXBuildFile; fileRef = 20296CD31E40626600DDD732 /* RequestHeaderKey.swift */; };
		20296CDA1E40626600DDD732 /* RequestHeaderKey.swift in Sources */ = {isa = PBXBuildFile; fileRef = 20296CD31E40626600DDD732 /* RequestHeaderKey.swift */; };
		20296CDB1E40626600DDD732 /* RequestHeaderKey.swift in Sources */ = {isa = PBXBuildFile; fileRef = 20296CD31E40626600DDD732 /* RequestHeaderKey.swift */; };
		20296CDC1E40626600DDD732 /* RequestHeaderKey.swift in Sources */ = {isa = PBXBuildFile; fileRef = 20296CD31E40626600DDD732 /* RequestHeaderKey.swift */; };
		20296CE51E40626600DDD732 /* ResponseHeaderKey.swift in Sources */ = {isa = PBXBuildFile; fileRef = 20296CD71E40626600DDD732 /* ResponseHeaderKey.swift */; };
		20296CE61E40626600DDD732 /* ResponseHeaderKey.swift in Sources */ = {isa = PBXBuildFile; fileRef = 20296CD71E40626600DDD732 /* ResponseHeaderKey.swift */; };
		20296CE71E40626600DDD732 /* ResponseHeaderKey.swift in Sources */ = {isa = PBXBuildFile; fileRef = 20296CD71E40626600DDD732 /* ResponseHeaderKey.swift */; };
		20296CE81E40626600DDD732 /* ResponseHeaderKey.swift in Sources */ = {isa = PBXBuildFile; fileRef = 20296CD71E40626600DDD732 /* ResponseHeaderKey.swift */; };
		20296CE91E40626600DDD732 /* StatusCode.swift in Sources */ = {isa = PBXBuildFile; fileRef = 20296CD81E40626600DDD732 /* StatusCode.swift */; };
		20296CEA1E40626600DDD732 /* StatusCode.swift in Sources */ = {isa = PBXBuildFile; fileRef = 20296CD81E40626600DDD732 /* StatusCode.swift */; };
		20296CEB1E40626600DDD732 /* StatusCode.swift in Sources */ = {isa = PBXBuildFile; fileRef = 20296CD81E40626600DDD732 /* StatusCode.swift */; };
		20296CEC1E40626600DDD732 /* StatusCode.swift in Sources */ = {isa = PBXBuildFile; fileRef = 20296CD81E40626600DDD732 /* StatusCode.swift */; };
		20296CEF1E4064D100DDD732 /* RawValueWrappersSpec.swift in Sources */ = {isa = PBXBuildFile; fileRef = 20296CED1E4064D100DDD732 /* RawValueWrappersSpec.swift */; };
		20296CF01E4064D100DDD732 /* RawValueWrappersSpec.swift in Sources */ = {isa = PBXBuildFile; fileRef = 20296CED1E4064D100DDD732 /* RawValueWrappersSpec.swift */; };
		202F2DC31E45440500D55055 /* Response.swift in Sources */ = {isa = PBXBuildFile; fileRef = 202F2DC21E45440500D55055 /* Response.swift */; };
		202F2DC41E45440500D55055 /* Response.swift in Sources */ = {isa = PBXBuildFile; fileRef = 202F2DC21E45440500D55055 /* Response.swift */; };
		202F2DC51E45440500D55055 /* Response.swift in Sources */ = {isa = PBXBuildFile; fileRef = 202F2DC21E45440500D55055 /* Response.swift */; };
		202F2DC61E45440500D55055 /* Response.swift in Sources */ = {isa = PBXBuildFile; fileRef = 202F2DC21E45440500D55055 /* Response.swift */; };
		2031C3211E444DD0006356F5 /* Result.framework in Frameworks */ = {isa = PBXBuildFile; fileRef = 2031C3201E444DD0006356F5 /* Result.framework */; };
		2031C3231E444DD9006356F5 /* Result.framework in Frameworks */ = {isa = PBXBuildFile; fileRef = 2031C3221E444DD9006356F5 /* Result.framework */; };
		2031C3251E444DE0006356F5 /* Result.framework in Frameworks */ = {isa = PBXBuildFile; fileRef = 2031C3241E444DE0006356F5 /* Result.framework */; };
		2031C3271E444DE7006356F5 /* Result.framework in Frameworks */ = {isa = PBXBuildFile; fileRef = 2031C3261E444DE7006356F5 /* Result.framework */; };
		2031C3281E444DFA006356F5 /* Result.framework in Frameworks */ = {isa = PBXBuildFile; fileRef = 2031C3201E444DD0006356F5 /* Result.framework */; };
		2031C3291E444E01006356F5 /* Result.framework in CopyFiles */ = {isa = PBXBuildFile; fileRef = 2031C3201E444DD0006356F5 /* Result.framework */; settings = {ATTRIBUTES = (CodeSignOnCopy, RemoveHeadersOnCopy, ); }; };
		2031C32A1E444E06006356F5 /* Result.framework in Frameworks */ = {isa = PBXBuildFile; fileRef = 2031C3221E444DD9006356F5 /* Result.framework */; };
		2031C32B1E444E12006356F5 /* Result.framework in CopyFiles */ = {isa = PBXBuildFile; fileRef = 2031C3221E444DD9006356F5 /* Result.framework */; settings = {ATTRIBUTES = (CodeSignOnCopy, RemoveHeadersOnCopy, ); }; };
		2031C32C1E444E19006356F5 /* Result.framework in Frameworks */ = {isa = PBXBuildFile; fileRef = 2031C3241E444DE0006356F5 /* Result.framework */; };
		2031C32D1E444E1C006356F5 /* Result.framework in CopyFiles */ = {isa = PBXBuildFile; fileRef = 2031C3241E444DE0006356F5 /* Result.framework */; settings = {ATTRIBUTES = (CodeSignOnCopy, RemoveHeadersOnCopy, ); }; };
		2031C3301E446DF2006356F5 /* RequestSpec.swift in Sources */ = {isa = PBXBuildFile; fileRef = 2031C32F1E446DF2006356F5 /* RequestSpec.swift */; };
		2031C3311E446DF2006356F5 /* RequestSpec.swift in Sources */ = {isa = PBXBuildFile; fileRef = 2031C32F1E446DF2006356F5 /* RequestSpec.swift */; };
		2031C3321E446DF2006356F5 /* RequestSpec.swift in Sources */ = {isa = PBXBuildFile; fileRef = 2031C32F1E446DF2006356F5 /* RequestSpec.swift */; };
		2031C3341E4474DB006356F5 /* Errors.swift in Sources */ = {isa = PBXBuildFile; fileRef = 2031C3331E4474DB006356F5 /* Errors.swift */; };
		2031C3351E4474DB006356F5 /* Errors.swift in Sources */ = {isa = PBXBuildFile; fileRef = 2031C3331E4474DB006356F5 /* Errors.swift */; };
		2031C3361E4474DB006356F5 /* Errors.swift in Sources */ = {isa = PBXBuildFile; fileRef = 2031C3331E4474DB006356F5 /* Errors.swift */; };
		2031C3371E4474DB006356F5 /* Errors.swift in Sources */ = {isa = PBXBuildFile; fileRef = 2031C3331E4474DB006356F5 /* Errors.swift */; };
		2031C33A1E448A2C006356F5 /* Plugin.swift in Sources */ = {isa = PBXBuildFile; fileRef = 2031C3391E448A2C006356F5 /* Plugin.swift */; };
		2031C33B1E448A2C006356F5 /* Plugin.swift in Sources */ = {isa = PBXBuildFile; fileRef = 2031C3391E448A2C006356F5 /* Plugin.swift */; };
		2031C33C1E448A2C006356F5 /* Plugin.swift in Sources */ = {isa = PBXBuildFile; fileRef = 2031C3391E448A2C006356F5 /* Plugin.swift */; };
		2031C33D1E448A2C006356F5 /* Plugin.swift in Sources */ = {isa = PBXBuildFile; fileRef = 2031C3391E448A2C006356F5 /* Plugin.swift */; };
		20F0F7801E40683700BD9F66 /* RawValueWrappersSpec.swift in Sources */ = {isa = PBXBuildFile; fileRef = 20296CED1E4064D100DDD732 /* RawValueWrappersSpec.swift */; };
		20F0F7971E4069DA00BD9F66 /* Alamofire.framework in Frameworks */ = {isa = PBXBuildFile; fileRef = 20F0F7961E4069DA00BD9F66 /* Alamofire.framework */; };
		20F0F7991E4069E800BD9F66 /* Alamofire.framework in Frameworks */ = {isa = PBXBuildFile; fileRef = 20F0F7981E4069E800BD9F66 /* Alamofire.framework */; };
		20F0F79B1E4069EF00BD9F66 /* Alamofire.framework in Frameworks */ = {isa = PBXBuildFile; fileRef = 20F0F79A1E4069EF00BD9F66 /* Alamofire.framework */; };
		20F0F79D1E4069F600BD9F66 /* Alamofire.framework in Frameworks */ = {isa = PBXBuildFile; fileRef = 20F0F79C1E4069F600BD9F66 /* Alamofire.framework */; };
		20F0F79E1E406A2600BD9F66 /* Alamofire.framework in CopyFiles */ = {isa = PBXBuildFile; fileRef = 20F0F7961E4069DA00BD9F66 /* Alamofire.framework */; settings = {ATTRIBUTES = (CodeSignOnCopy, RemoveHeadersOnCopy, ); }; };
		20F0F79F1E406A2C00BD9F66 /* Alamofire.framework in CopyFiles */ = {isa = PBXBuildFile; fileRef = 20F0F7981E4069E800BD9F66 /* Alamofire.framework */; settings = {ATTRIBUTES = (CodeSignOnCopy, RemoveHeadersOnCopy, ); }; };
		20F0F7A01E406A3800BD9F66 /* Alamofire.framework in CopyFiles */ = {isa = PBXBuildFile; fileRef = 20F0F79C1E4069F600BD9F66 /* Alamofire.framework */; settings = {ATTRIBUTES = (CodeSignOnCopy, RemoveHeadersOnCopy, ); }; };
		20F0F7A31E406A4B00BD9F66 /* Nimble.framework in CopyFiles */ = {isa = PBXBuildFile; fileRef = 20F0F7A11E406A4B00BD9F66 /* Nimble.framework */; settings = {ATTRIBUTES = (CodeSignOnCopy, RemoveHeadersOnCopy, ); }; };
		20F0F7A41E406A4B00BD9F66 /* Quick.framework in CopyFiles */ = {isa = PBXBuildFile; fileRef = 20F0F7A21E406A4B00BD9F66 /* Quick.framework */; settings = {ATTRIBUTES = (CodeSignOnCopy, RemoveHeadersOnCopy, ); }; };
		20F0F7A71E406A6100BD9F66 /* Nimble.framework in CopyFiles */ = {isa = PBXBuildFile; fileRef = 20F0F7A51E406A6100BD9F66 /* Nimble.framework */; settings = {ATTRIBUTES = (CodeSignOnCopy, RemoveHeadersOnCopy, ); }; };
		20F0F7A81E406A6100BD9F66 /* Quick.framework in CopyFiles */ = {isa = PBXBuildFile; fileRef = 20F0F7A61E406A6100BD9F66 /* Quick.framework */; settings = {ATTRIBUTES = (CodeSignOnCopy, RemoveHeadersOnCopy, ); }; };
		20F0F7AB1E406A6A00BD9F66 /* Nimble.framework in CopyFiles */ = {isa = PBXBuildFile; fileRef = 20F0F7A91E406A6A00BD9F66 /* Nimble.framework */; settings = {ATTRIBUTES = (CodeSignOnCopy, RemoveHeadersOnCopy, ); }; };
		20F0F7AC1E406A6A00BD9F66 /* Quick.framework in CopyFiles */ = {isa = PBXBuildFile; fileRef = 20F0F7AA1E406A6A00BD9F66 /* Quick.framework */; settings = {ATTRIBUTES = (CodeSignOnCopy, RemoveHeadersOnCopy, ); }; };
		20F0F7B41E40714D00BD9F66 /* ResponseHeaderKeySpec.swift in Sources */ = {isa = PBXBuildFile; fileRef = 20F0F7B31E40714D00BD9F66 /* ResponseHeaderKeySpec.swift */; };
		20F0F7B51E40714D00BD9F66 /* ResponseHeaderKeySpec.swift in Sources */ = {isa = PBXBuildFile; fileRef = 20F0F7B31E40714D00BD9F66 /* ResponseHeaderKeySpec.swift */; };
		20F0F7B61E40714D00BD9F66 /* ResponseHeaderKeySpec.swift in Sources */ = {isa = PBXBuildFile; fileRef = 20F0F7B31E40714D00BD9F66 /* ResponseHeaderKeySpec.swift */; };
		20F0F7BC1E40746100BD9F66 /* StatusCodeSpec.swift in Sources */ = {isa = PBXBuildFile; fileRef = 20F0F7BB1E40746100BD9F66 /* StatusCodeSpec.swift */; };
		20F0F7BD1E40746100BD9F66 /* StatusCodeSpec.swift in Sources */ = {isa = PBXBuildFile; fileRef = 20F0F7BB1E40746100BD9F66 /* StatusCodeSpec.swift */; };
		20F0F7BE1E40746100BD9F66 /* StatusCodeSpec.swift in Sources */ = {isa = PBXBuildFile; fileRef = 20F0F7BB1E40746100BD9F66 /* StatusCodeSpec.swift */; };
		20F0F7C11E407A8200BD9F66 /* Provider.swift in Sources */ = {isa = PBXBuildFile; fileRef = 20F0F7C01E407A8200BD9F66 /* Provider.swift */; };
		20F0F7C21E407A8200BD9F66 /* Provider.swift in Sources */ = {isa = PBXBuildFile; fileRef = 20F0F7C01E407A8200BD9F66 /* Provider.swift */; };
		20F0F7C31E407A8200BD9F66 /* Provider.swift in Sources */ = {isa = PBXBuildFile; fileRef = 20F0F7C01E407A8200BD9F66 /* Provider.swift */; };
		20F0F7C41E407A8200BD9F66 /* Provider.swift in Sources */ = {isa = PBXBuildFile; fileRef = 20F0F7C01E407A8200BD9F66 /* Provider.swift */; };
		20F0F7C71E407A8D00BD9F66 /* HttpClient.swift in Sources */ = {isa = PBXBuildFile; fileRef = 20F0F7C61E407A8D00BD9F66 /* HttpClient.swift */; };
		20F0F7C81E407A8D00BD9F66 /* HttpClient.swift in Sources */ = {isa = PBXBuildFile; fileRef = 20F0F7C61E407A8D00BD9F66 /* HttpClient.swift */; };
		20F0F7C91E407A8D00BD9F66 /* HttpClient.swift in Sources */ = {isa = PBXBuildFile; fileRef = 20F0F7C61E407A8D00BD9F66 /* HttpClient.swift */; };
		20F0F7CA1E407A8D00BD9F66 /* HttpClient.swift in Sources */ = {isa = PBXBuildFile; fileRef = 20F0F7C61E407A8D00BD9F66 /* HttpClient.swift */; };
		20F0F7CD1E407A9A00BD9F66 /* Request.swift in Sources */ = {isa = PBXBuildFile; fileRef = 20F0F7CB1E407A9A00BD9F66 /* Request.swift */; };
		20F0F7CE1E407A9A00BD9F66 /* Request.swift in Sources */ = {isa = PBXBuildFile; fileRef = 20F0F7CB1E407A9A00BD9F66 /* Request.swift */; };
		20F0F7CF1E407A9A00BD9F66 /* Request.swift in Sources */ = {isa = PBXBuildFile; fileRef = 20F0F7CB1E407A9A00BD9F66 /* Request.swift */; };
		20F0F7D01E407A9A00BD9F66 /* Request.swift in Sources */ = {isa = PBXBuildFile; fileRef = 20F0F7CB1E407A9A00BD9F66 /* Request.swift */; };
		20F0F7D71E407AB500BD9F66 /* Authentication.swift in Sources */ = {isa = PBXBuildFile; fileRef = 20F0F7D61E407AB500BD9F66 /* Authentication.swift */; };
		20F0F7D81E407AB500BD9F66 /* Authentication.swift in Sources */ = {isa = PBXBuildFile; fileRef = 20F0F7D61E407AB500BD9F66 /* Authentication.swift */; };
		20F0F7D91E407AB500BD9F66 /* Authentication.swift in Sources */ = {isa = PBXBuildFile; fileRef = 20F0F7D61E407AB500BD9F66 /* Authentication.swift */; };
		20F0F7DA1E407AB500BD9F66 /* Authentication.swift in Sources */ = {isa = PBXBuildFile; fileRef = 20F0F7D61E407AB500BD9F66 /* Authentication.swift */; };
		20F34EDC1E46D68D0034002F /* Sender.swift in Sources */ = {isa = PBXBuildFile; fileRef = 20F34EDB1E46D68D0034002F /* Sender.swift */; };
		20F34EDD1E46D68D0034002F /* Sender.swift in Sources */ = {isa = PBXBuildFile; fileRef = 20F34EDB1E46D68D0034002F /* Sender.swift */; };
		20F34EDE1E46D68D0034002F /* Sender.swift in Sources */ = {isa = PBXBuildFile; fileRef = 20F34EDB1E46D68D0034002F /* Sender.swift */; };
		20F34EDF1E46D68D0034002F /* Sender.swift in Sources */ = {isa = PBXBuildFile; fileRef = 20F34EDB1E46D68D0034002F /* Sender.swift */; };
		52D6D9871BEFF229002C0205 /* WebAPIKit.framework in Frameworks */ = {isa = PBXBuildFile; fileRef = 52D6D97C1BEFF229002C0205 /* WebAPIKit.framework */; };
		DD7502881C68FEDE006590AF /* WebAPIKit.framework in Frameworks */ = {isa = PBXBuildFile; fileRef = 52D6DA0F1BF000BD002C0205 /* WebAPIKit.framework */; };
		DD7502921C690C7A006590AF /* WebAPIKit.framework in Frameworks */ = {isa = PBXBuildFile; fileRef = 52D6D9F01BEFFFBE002C0205 /* WebAPIKit.framework */; };
/* End PBXBuildFile section */

/* Begin PBXContainerItemProxy section */
		52D6D9881BEFF229002C0205 /* PBXContainerItemProxy */ = {
			isa = PBXContainerItemProxy;
			containerPortal = 52D6D9731BEFF229002C0205 /* Project object */;
			proxyType = 1;
			remoteGlobalIDString = 52D6D97B1BEFF229002C0205;
			remoteInfo = WebAPIKit;
		};
		DD7502801C68FCFC006590AF /* PBXContainerItemProxy */ = {
			isa = PBXContainerItemProxy;
			containerPortal = 52D6D9731BEFF229002C0205 /* Project object */;
			proxyType = 1;
			remoteGlobalIDString = 52D6DA0E1BF000BD002C0205;
			remoteInfo = "WebAPIKit-macOS";
		};
		DD7502931C690C7A006590AF /* PBXContainerItemProxy */ = {
			isa = PBXContainerItemProxy;
			containerPortal = 52D6D9731BEFF229002C0205 /* Project object */;
			proxyType = 1;
			remoteGlobalIDString = 52D6D9EF1BEFFFBE002C0205;
			remoteInfo = "WebAPIKit-tvOS";
		};
/* End PBXContainerItemProxy section */

/* Begin PBXCopyFilesBuildPhase section */
		20F0F7811E40695900BD9F66 /* CopyFiles */ = {
			isa = PBXCopyFilesBuildPhase;
			buildActionMask = 2147483647;
			dstPath = "";
			dstSubfolderSpec = 10;
			files = (
				20F0F79E1E406A2600BD9F66 /* Alamofire.framework in CopyFiles */,
				20F0F7AB1E406A6A00BD9F66 /* Nimble.framework in CopyFiles */,
				20F0F7AC1E406A6A00BD9F66 /* Quick.framework in CopyFiles */,
				2031C3291E444E01006356F5 /* Result.framework in CopyFiles */,
			);
			runOnlyForDeploymentPostprocessing = 0;
		};
		20F0F7881E40697E00BD9F66 /* CopyFiles */ = {
			isa = PBXCopyFilesBuildPhase;
			buildActionMask = 2147483647;
			dstPath = "";
			dstSubfolderSpec = 10;
			files = (
				20F0F79F1E406A2C00BD9F66 /* Alamofire.framework in CopyFiles */,
				20F0F7A71E406A6100BD9F66 /* Nimble.framework in CopyFiles */,
				20F0F7A81E406A6100BD9F66 /* Quick.framework in CopyFiles */,
				2031C32B1E444E12006356F5 /* Result.framework in CopyFiles */,
			);
			runOnlyForDeploymentPostprocessing = 0;
		};
		20F0F78F1E40699900BD9F66 /* CopyFiles */ = {
			isa = PBXCopyFilesBuildPhase;
			buildActionMask = 2147483647;
			dstPath = "";
			dstSubfolderSpec = 10;
			files = (
				20F0F7A01E406A3800BD9F66 /* Alamofire.framework in CopyFiles */,
				20F0F7A31E406A4B00BD9F66 /* Nimble.framework in CopyFiles */,
				20F0F7A41E406A4B00BD9F66 /* Quick.framework in CopyFiles */,
				2031C32D1E444E1C006356F5 /* Result.framework in CopyFiles */,
			);
			runOnlyForDeploymentPostprocessing = 0;
		};
/* End PBXCopyFilesBuildPhase section */

/* Begin PBXFileReference section */
		20296CA01E405B2400DDD732 /* WebAPIKit.swift */ = {isa = PBXFileReference; fileEncoding = 4; lastKnownFileType = sourcecode.swift; path = WebAPIKit.swift; sourceTree = "<group>"; };
		20296CAA1E405BE100DDD732 /* WebAPIKitTests.swift */ = {isa = PBXFileReference; fileEncoding = 4; lastKnownFileType = sourcecode.swift; path = WebAPIKitTests.swift; sourceTree = "<group>"; };
		20296CCA1E4060AA00DDD732 /* swiftlint-trailing-whitespace.swift */ = {isa = PBXFileReference; lastKnownFileType = sourcecode.swift; path = "swiftlint-trailing-whitespace.swift"; sourceTree = "<group>"; };
		20296CCC1E40618900DDD732 /* Cartfile */ = {isa = PBXFileReference; lastKnownFileType = text; path = Cartfile; sourceTree = "<group>"; };
		20296CCD1E40618900DDD732 /* Cartfile.private */ = {isa = PBXFileReference; lastKnownFileType = text; path = Cartfile.private; sourceTree = "<group>"; };
		20296CCE1E40619300DDD732 /* README.md */ = {isa = PBXFileReference; lastKnownFileType = net.daringfireball.markdown; path = README.md; sourceTree = "<group>"; };
		20296CCF1E40619B00DDD732 /* Package.swift */ = {isa = PBXFileReference; lastKnownFileType = sourcecode.swift; path = Package.swift; sourceTree = "<group>"; };
		20296CD01E4061A500DDD732 /* WebAPIKit.podspec */ = {isa = PBXFileReference; lastKnownFileType = text; path = WebAPIKit.podspec; sourceTree = "<group>"; };
		20296CD11E4061B700DDD732 /* .gitignore */ = {isa = PBXFileReference; lastKnownFileType = text; path = .gitignore; sourceTree = "<group>"; };
		20296CD31E40626600DDD732 /* RequestHeaderKey.swift */ = {isa = PBXFileReference; fileEncoding = 4; lastKnownFileType = sourcecode.swift; path = RequestHeaderKey.swift; sourceTree = "<group>"; };
		20296CD71E40626600DDD732 /* ResponseHeaderKey.swift */ = {isa = PBXFileReference; fileEncoding = 4; lastKnownFileType = sourcecode.swift; path = ResponseHeaderKey.swift; sourceTree = "<group>"; };
		20296CD81E40626600DDD732 /* StatusCode.swift */ = {isa = PBXFileReference; fileEncoding = 4; lastKnownFileType = sourcecode.swift; path = StatusCode.swift; sourceTree = "<group>"; };
		20296CED1E4064D100DDD732 /* RawValueWrappersSpec.swift */ = {isa = PBXFileReference; fileEncoding = 4; lastKnownFileType = sourcecode.swift; path = RawValueWrappersSpec.swift; sourceTree = "<group>"; };
		202F2DC21E45440500D55055 /* Response.swift */ = {isa = PBXFileReference; fileEncoding = 4; lastKnownFileType = sourcecode.swift; path = Response.swift; sourceTree = "<group>"; };
		2031C3201E444DD0006356F5 /* Result.framework */ = {isa = PBXFileReference; lastKnownFileType = wrapper.framework; name = Result.framework; path = Carthage/Build/iOS/Result.framework; sourceTree = "<group>"; };
		2031C3221E444DD9006356F5 /* Result.framework */ = {isa = PBXFileReference; lastKnownFileType = wrapper.framework; name = Result.framework; path = Carthage/Build/Mac/Result.framework; sourceTree = "<group>"; };
		2031C3241E444DE0006356F5 /* Result.framework */ = {isa = PBXFileReference; lastKnownFileType = wrapper.framework; name = Result.framework; path = Carthage/Build/tvOS/Result.framework; sourceTree = "<group>"; };
		2031C3261E444DE7006356F5 /* Result.framework */ = {isa = PBXFileReference; lastKnownFileType = wrapper.framework; name = Result.framework; path = Carthage/Build/watchOS/Result.framework; sourceTree = "<group>"; };
		2031C32F1E446DF2006356F5 /* RequestSpec.swift */ = {isa = PBXFileReference; fileEncoding = 4; lastKnownFileType = sourcecode.swift; path = RequestSpec.swift; sourceTree = "<group>"; };
		2031C3331E4474DB006356F5 /* Errors.swift */ = {isa = PBXFileReference; fileEncoding = 4; lastKnownFileType = sourcecode.swift; path = Errors.swift; sourceTree = "<group>"; };
		2031C3391E448A2C006356F5 /* Plugin.swift */ = {isa = PBXFileReference; fileEncoding = 4; lastKnownFileType = sourcecode.swift; path = Plugin.swift; sourceTree = "<group>"; };
		20F0F7961E4069DA00BD9F66 /* Alamofire.framework */ = {isa = PBXFileReference; lastKnownFileType = wrapper.framework; name = Alamofire.framework; path = Carthage/Build/iOS/Alamofire.framework; sourceTree = "<group>"; };
		20F0F7981E4069E800BD9F66 /* Alamofire.framework */ = {isa = PBXFileReference; lastKnownFileType = wrapper.framework; name = Alamofire.framework; path = Carthage/Build/Mac/Alamofire.framework; sourceTree = "<group>"; };
		20F0F79A1E4069EF00BD9F66 /* Alamofire.framework */ = {isa = PBXFileReference; lastKnownFileType = wrapper.framework; name = Alamofire.framework; path = Carthage/Build/watchOS/Alamofire.framework; sourceTree = "<group>"; };
		20F0F79C1E4069F600BD9F66 /* Alamofire.framework */ = {isa = PBXFileReference; lastKnownFileType = wrapper.framework; name = Alamofire.framework; path = Carthage/Build/tvOS/Alamofire.framework; sourceTree = "<group>"; };
		20F0F7A11E406A4B00BD9F66 /* Nimble.framework */ = {isa = PBXFileReference; lastKnownFileType = wrapper.framework; name = Nimble.framework; path = Carthage/Build/tvOS/Nimble.framework; sourceTree = "<group>"; };
		20F0F7A21E406A4B00BD9F66 /* Quick.framework */ = {isa = PBXFileReference; lastKnownFileType = wrapper.framework; name = Quick.framework; path = Carthage/Build/tvOS/Quick.framework; sourceTree = "<group>"; };
		20F0F7A51E406A6100BD9F66 /* Nimble.framework */ = {isa = PBXFileReference; lastKnownFileType = wrapper.framework; name = Nimble.framework; path = Carthage/Build/Mac/Nimble.framework; sourceTree = "<group>"; };
		20F0F7A61E406A6100BD9F66 /* Quick.framework */ = {isa = PBXFileReference; lastKnownFileType = wrapper.framework; name = Quick.framework; path = Carthage/Build/Mac/Quick.framework; sourceTree = "<group>"; };
		20F0F7A91E406A6A00BD9F66 /* Nimble.framework */ = {isa = PBXFileReference; lastKnownFileType = wrapper.framework; name = Nimble.framework; path = Carthage/Build/iOS/Nimble.framework; sourceTree = "<group>"; };
		20F0F7AA1E406A6A00BD9F66 /* Quick.framework */ = {isa = PBXFileReference; lastKnownFileType = wrapper.framework; name = Quick.framework; path = Carthage/Build/iOS/Quick.framework; sourceTree = "<group>"; };
		20F0F7B31E40714D00BD9F66 /* ResponseHeaderKeySpec.swift */ = {isa = PBXFileReference; fileEncoding = 4; lastKnownFileType = sourcecode.swift; path = ResponseHeaderKeySpec.swift; sourceTree = "<group>"; };
		20F0F7BB1E40746100BD9F66 /* StatusCodeSpec.swift */ = {isa = PBXFileReference; fileEncoding = 4; lastKnownFileType = sourcecode.swift; path = StatusCodeSpec.swift; sourceTree = "<group>"; };
		20F0F7C01E407A8200BD9F66 /* Provider.swift */ = {isa = PBXFileReference; fileEncoding = 4; lastKnownFileType = sourcecode.swift; path = Provider.swift; sourceTree = "<group>"; };
		20F0F7C61E407A8D00BD9F66 /* HttpClient.swift */ = {isa = PBXFileReference; fileEncoding = 4; lastKnownFileType = sourcecode.swift; path = HttpClient.swift; sourceTree = "<group>"; };
		20F0F7CB1E407A9A00BD9F66 /* Request.swift */ = {isa = PBXFileReference; fileEncoding = 4; lastKnownFileType = sourcecode.swift; path = Request.swift; sourceTree = "<group>"; };
		20F0F7D61E407AB500BD9F66 /* Authentication.swift */ = {isa = PBXFileReference; fileEncoding = 4; lastKnownFileType = sourcecode.swift; path = Authentication.swift; sourceTree = "<group>"; };
		20F34EDB1E46D68D0034002F /* Sender.swift */ = {isa = PBXFileReference; fileEncoding = 4; lastKnownFileType = sourcecode.swift; name = Sender.swift; path = Request/Sender.swift; sourceTree = "<group>"; };
		52D6D97C1BEFF229002C0205 /* WebAPIKit.framework */ = {isa = PBXFileReference; explicitFileType = wrapper.framework; includeInIndex = 0; path = WebAPIKit.framework; sourceTree = BUILT_PRODUCTS_DIR; };
		52D6D9861BEFF229002C0205 /* WebAPIKit-iOS Tests.xctest */ = {isa = PBXFileReference; explicitFileType = wrapper.cfbundle; includeInIndex = 0; path = "WebAPIKit-iOS Tests.xctest"; sourceTree = BUILT_PRODUCTS_DIR; };
		52D6D9E21BEFFF6E002C0205 /* WebAPIKit.framework */ = {isa = PBXFileReference; explicitFileType = wrapper.framework; includeInIndex = 0; path = WebAPIKit.framework; sourceTree = BUILT_PRODUCTS_DIR; };
		52D6D9F01BEFFFBE002C0205 /* WebAPIKit.framework */ = {isa = PBXFileReference; explicitFileType = wrapper.framework; includeInIndex = 0; path = WebAPIKit.framework; sourceTree = BUILT_PRODUCTS_DIR; };
		52D6DA0F1BF000BD002C0205 /* WebAPIKit.framework */ = {isa = PBXFileReference; explicitFileType = wrapper.framework; includeInIndex = 0; path = WebAPIKit.framework; sourceTree = BUILT_PRODUCTS_DIR; };
		AD2FAA261CD0B6D800659CF4 /* WebAPIKit.plist */ = {isa = PBXFileReference; fileEncoding = 4; lastKnownFileType = text.plist.xml; path = WebAPIKit.plist; sourceTree = "<group>"; };
		AD2FAA281CD0B6E100659CF4 /* WebAPIKitTests.plist */ = {isa = PBXFileReference; fileEncoding = 4; lastKnownFileType = text.plist.xml; path = WebAPIKitTests.plist; sourceTree = "<group>"; };
		DD75027A1C68FCFC006590AF /* WebAPIKit-macOS Tests.xctest */ = {isa = PBXFileReference; explicitFileType = wrapper.cfbundle; includeInIndex = 0; path = "WebAPIKit-macOS Tests.xctest"; sourceTree = BUILT_PRODUCTS_DIR; };
		DD75028D1C690C7A006590AF /* WebAPIKit-tvOS Tests.xctest */ = {isa = PBXFileReference; explicitFileType = wrapper.cfbundle; includeInIndex = 0; path = "WebAPIKit-tvOS Tests.xctest"; sourceTree = BUILT_PRODUCTS_DIR; };
/* End PBXFileReference section */

/* Begin PBXFrameworksBuildPhase section */
		52D6D9781BEFF229002C0205 /* Frameworks */ = {
			isa = PBXFrameworksBuildPhase;
			buildActionMask = 2147483647;
			files = (
				20F0F7971E4069DA00BD9F66 /* Alamofire.framework in Frameworks */,
				2031C3211E444DD0006356F5 /* Result.framework in Frameworks */,
			);
			runOnlyForDeploymentPostprocessing = 0;
		};
		52D6D9831BEFF229002C0205 /* Frameworks */ = {
			isa = PBXFrameworksBuildPhase;
			buildActionMask = 2147483647;
			files = (
				52D6D9871BEFF229002C0205 /* WebAPIKit.framework in Frameworks */,
				2031C3281E444DFA006356F5 /* Result.framework in Frameworks */,
			);
			runOnlyForDeploymentPostprocessing = 0;
		};
		52D6D9DE1BEFFF6E002C0205 /* Frameworks */ = {
			isa = PBXFrameworksBuildPhase;
			buildActionMask = 2147483647;
			files = (
				20F0F79B1E4069EF00BD9F66 /* Alamofire.framework in Frameworks */,
				2031C3271E444DE7006356F5 /* Result.framework in Frameworks */,
			);
			runOnlyForDeploymentPostprocessing = 0;
		};
		52D6D9EC1BEFFFBE002C0205 /* Frameworks */ = {
			isa = PBXFrameworksBuildPhase;
			buildActionMask = 2147483647;
			files = (
				20F0F79D1E4069F600BD9F66 /* Alamofire.framework in Frameworks */,
				2031C3251E444DE0006356F5 /* Result.framework in Frameworks */,
			);
			runOnlyForDeploymentPostprocessing = 0;
		};
		52D6DA0B1BF000BD002C0205 /* Frameworks */ = {
			isa = PBXFrameworksBuildPhase;
			buildActionMask = 2147483647;
			files = (
				20F0F7991E4069E800BD9F66 /* Alamofire.framework in Frameworks */,
				2031C3231E444DD9006356F5 /* Result.framework in Frameworks */,
			);
			runOnlyForDeploymentPostprocessing = 0;
		};
		DD7502771C68FCFC006590AF /* Frameworks */ = {
			isa = PBXFrameworksBuildPhase;
			buildActionMask = 2147483647;
			files = (
				DD7502881C68FEDE006590AF /* WebAPIKit.framework in Frameworks */,
				2031C32A1E444E06006356F5 /* Result.framework in Frameworks */,
			);
			runOnlyForDeploymentPostprocessing = 0;
		};
		DD75028A1C690C7A006590AF /* Frameworks */ = {
			isa = PBXFrameworksBuildPhase;
			buildActionMask = 2147483647;
			files = (
				DD7502921C690C7A006590AF /* WebAPIKit.framework in Frameworks */,
				2031C32C1E444E19006356F5 /* Result.framework in Frameworks */,
			);
			runOnlyForDeploymentPostprocessing = 0;
		};
/* End PBXFrameworksBuildPhase section */

/* Begin PBXGroup section */
		20296C9F1E405B1100DDD732 /* Sources */ = {
			isa = PBXGroup;
			children = (
				20296CA01E405B2400DDD732 /* WebAPIKit.swift */,
				2031C3331E4474DB006356F5 /* Errors.swift */,
				20F0F7C01E407A8200BD9F66 /* Provider.swift */,
				20F0F7C61E407A8D00BD9F66 /* HttpClient.swift */,
				20F34EDB1E46D68D0034002F /* Sender.swift */,
				20296CD21E40626600DDD732 /* Request */,
				20296CD61E40626600DDD732 /* Response */,
				20F0F7D51E407AB500BD9F66 /* Authentication */,
				2031C3381E4489DF006356F5 /* Plugins */,
			);
			name = Sources;
			path = Sources/WebAPIKit;
			sourceTree = "<group>";
		};
		20296CA51E405B5F00DDD732 /* Tests */ = {
			isa = PBXGroup;
			children = (
				20296CAA1E405BE100DDD732 /* WebAPIKitTests.swift */,
				20296CED1E4064D100DDD732 /* RawValueWrappersSpec.swift */,
				2031C32E1E446DCE006356F5 /* Request */,
				20F0F7B21E40712800BD9F66 /* Response */,
			);
			name = Tests;
			path = Tests/WebAPIKitTests;
			sourceTree = "<group>";
		};
		20296CAE1E405EBD00DDD732 /* Frameworks */ = {
			isa = PBXGroup;
			children = (
				2031C3261E444DE7006356F5 /* Result.framework */,
				2031C3241E444DE0006356F5 /* Result.framework */,
				2031C3221E444DD9006356F5 /* Result.framework */,
				2031C3201E444DD0006356F5 /* Result.framework */,
				20F0F79C1E4069F600BD9F66 /* Alamofire.framework */,
				20F0F79A1E4069EF00BD9F66 /* Alamofire.framework */,
				20F0F7981E4069E800BD9F66 /* Alamofire.framework */,
				20F0F7961E4069DA00BD9F66 /* Alamofire.framework */,
				20F0F7A91E406A6A00BD9F66 /* Nimble.framework */,
				20F0F7AA1E406A6A00BD9F66 /* Quick.framework */,
				20F0F7A51E406A6100BD9F66 /* Nimble.framework */,
				20F0F7A61E406A6100BD9F66 /* Quick.framework */,
				20F0F7A11E406A4B00BD9F66 /* Nimble.framework */,
				20F0F7A21E406A4B00BD9F66 /* Quick.framework */,
			);
			name = Frameworks;
			sourceTree = "<group>";
		};
		20296CC91E4060AA00DDD732 /* Scripts */ = {
			isa = PBXGroup;
			children = (
				20296CCA1E4060AA00DDD732 /* swiftlint-trailing-whitespace.swift */,
			);
			path = Scripts;
			sourceTree = "<group>";
		};
		20296CCB1E40617100DDD732 /* Others */ = {
			isa = PBXGroup;
			children = (
				20296CCE1E40619300DDD732 /* README.md */,
				20296CCF1E40619B00DDD732 /* Package.swift */,
				20296CCC1E40618900DDD732 /* Cartfile */,
				20296CCD1E40618900DDD732 /* Cartfile.private */,
				20296CD01E4061A500DDD732 /* WebAPIKit.podspec */,
				20296CD11E4061B700DDD732 /* .gitignore */,
			);
			name = Others;
			sourceTree = "<group>";
		};
		20296CD21E40626600DDD732 /* Request */ = {
			isa = PBXGroup;
			children = (
				20296CD31E40626600DDD732 /* RequestHeaderKey.swift */,
				20F0F7CB1E407A9A00BD9F66 /* Request.swift */,
			);
			path = Request;
			sourceTree = "<group>";
		};
		20296CD61E40626600DDD732 /* Response */ = {
			isa = PBXGroup;
			children = (
				20296CD71E40626600DDD732 /* ResponseHeaderKey.swift */,
				20296CD81E40626600DDD732 /* StatusCode.swift */,
				202F2DC21E45440500D55055 /* Response.swift */,
			);
			path = Response;
			sourceTree = "<group>";
		};
		2031C32E1E446DCE006356F5 /* Request */ = {
			isa = PBXGroup;
			children = (
				2031C32F1E446DF2006356F5 /* RequestSpec.swift */,
			);
			path = Request;
			sourceTree = "<group>";
		};
		2031C3381E4489DF006356F5 /* Plugins */ = {
			isa = PBXGroup;
			children = (
				2031C3391E448A2C006356F5 /* Plugin.swift */,
			);
			path = Plugins;
			sourceTree = "<group>";
		};
		20F0F7B21E40712800BD9F66 /* Response */ = {
			isa = PBXGroup;
			children = (
				20F0F7B31E40714D00BD9F66 /* ResponseHeaderKeySpec.swift */,
				20F0F7BB1E40746100BD9F66 /* StatusCodeSpec.swift */,
			);
			path = Response;
			sourceTree = "<group>";
		};
		20F0F7D51E407AB500BD9F66 /* Authentication */ = {
			isa = PBXGroup;
			children = (
				20F0F7D61E407AB500BD9F66 /* Authentication.swift */,
			);
			path = Authentication;
			sourceTree = "<group>";
		};
		52D6D9721BEFF229002C0205 = {
			isa = PBXGroup;
			children = (
				20296C9F1E405B1100DDD732 /* Sources */,
				20296CA51E405B5F00DDD732 /* Tests */,
				20296CC91E4060AA00DDD732 /* Scripts */,
				20296CCB1E40617100DDD732 /* Others */,
				52D6D99C1BEFF38C002C0205 /* Configs */,
				52D6D97D1BEFF229002C0205 /* Products */,
				20296CAE1E405EBD00DDD732 /* Frameworks */,
			);
			sourceTree = "<group>";
		};
		52D6D97D1BEFF229002C0205 /* Products */ = {
			isa = PBXGroup;
			children = (
				52D6D97C1BEFF229002C0205 /* WebAPIKit.framework */,
				52D6D9861BEFF229002C0205 /* WebAPIKit-iOS Tests.xctest */,
				52D6D9E21BEFFF6E002C0205 /* WebAPIKit.framework */,
				52D6D9F01BEFFFBE002C0205 /* WebAPIKit.framework */,
				52D6DA0F1BF000BD002C0205 /* WebAPIKit.framework */,
				DD75027A1C68FCFC006590AF /* WebAPIKit-macOS Tests.xctest */,
				DD75028D1C690C7A006590AF /* WebAPIKit-tvOS Tests.xctest */,
			);
			name = Products;
			sourceTree = "<group>";
		};
		52D6D99C1BEFF38C002C0205 /* Configs */ = {
			isa = PBXGroup;
			children = (
				DD7502721C68FC1B006590AF /* Frameworks */,
				DD7502731C68FC20006590AF /* Tests */,
			);
			path = Configs;
			sourceTree = "<group>";
		};
		DD7502721C68FC1B006590AF /* Frameworks */ = {
			isa = PBXGroup;
			children = (
				AD2FAA261CD0B6D800659CF4 /* WebAPIKit.plist */,
			);
			name = Frameworks;
			sourceTree = "<group>";
		};
		DD7502731C68FC20006590AF /* Tests */ = {
			isa = PBXGroup;
			children = (
				AD2FAA281CD0B6E100659CF4 /* WebAPIKitTests.plist */,
			);
			name = Tests;
			sourceTree = "<group>";
		};
/* End PBXGroup section */

/* Begin PBXHeadersBuildPhase section */
		52D6D9791BEFF229002C0205 /* Headers */ = {
			isa = PBXHeadersBuildPhase;
			buildActionMask = 2147483647;
			files = (
			);
			runOnlyForDeploymentPostprocessing = 0;
		};
		52D6D9DF1BEFFF6E002C0205 /* Headers */ = {
			isa = PBXHeadersBuildPhase;
			buildActionMask = 2147483647;
			files = (
			);
			runOnlyForDeploymentPostprocessing = 0;
		};
		52D6D9ED1BEFFFBE002C0205 /* Headers */ = {
			isa = PBXHeadersBuildPhase;
			buildActionMask = 2147483647;
			files = (
			);
			runOnlyForDeploymentPostprocessing = 0;
		};
		52D6DA0C1BF000BD002C0205 /* Headers */ = {
			isa = PBXHeadersBuildPhase;
			buildActionMask = 2147483647;
			files = (
			);
			runOnlyForDeploymentPostprocessing = 0;
		};
/* End PBXHeadersBuildPhase section */

/* Begin PBXNativeTarget section */
		52D6D97B1BEFF229002C0205 /* WebAPIKit-iOS */ = {
			isa = PBXNativeTarget;
			buildConfigurationList = 52D6D9901BEFF229002C0205 /* Build configuration list for PBXNativeTarget "WebAPIKit-iOS" */;
			buildPhases = (
				52D6D9771BEFF229002C0205 /* Sources */,
				52D6D9781BEFF229002C0205 /* Frameworks */,
				52D6D9791BEFF229002C0205 /* Headers */,
				52D6D97A1BEFF229002C0205 /* Resources */,
			);
			buildRules = (
			);
			dependencies = (
			);
			name = "WebAPIKit-iOS";
			productName = WebAPIKit;
			productReference = 52D6D97C1BEFF229002C0205 /* WebAPIKit.framework */;
			productType = "com.apple.product-type.framework";
		};
		52D6D9851BEFF229002C0205 /* WebAPIKit-iOS Tests */ = {
			isa = PBXNativeTarget;
			buildConfigurationList = 52D6D9931BEFF229002C0205 /* Build configuration list for PBXNativeTarget "WebAPIKit-iOS Tests" */;
			buildPhases = (
				52D6D9821BEFF229002C0205 /* Sources */,
				52D6D9831BEFF229002C0205 /* Frameworks */,
				52D6D9841BEFF229002C0205 /* Resources */,
				20F0F7811E40695900BD9F66 /* CopyFiles */,
			);
			buildRules = (
			);
			dependencies = (
				52D6D9891BEFF229002C0205 /* PBXTargetDependency */,
			);
			name = "WebAPIKit-iOS Tests";
			productName = WebAPIKitTests;
			productReference = 52D6D9861BEFF229002C0205 /* WebAPIKit-iOS Tests.xctest */;
			productType = "com.apple.product-type.bundle.unit-test";
		};
		52D6D9E11BEFFF6E002C0205 /* WebAPIKit-watchOS */ = {
			isa = PBXNativeTarget;
			buildConfigurationList = 52D6D9E71BEFFF6E002C0205 /* Build configuration list for PBXNativeTarget "WebAPIKit-watchOS" */;
			buildPhases = (
				52D6D9DD1BEFFF6E002C0205 /* Sources */,
				52D6D9DE1BEFFF6E002C0205 /* Frameworks */,
				52D6D9DF1BEFFF6E002C0205 /* Headers */,
				52D6D9E01BEFFF6E002C0205 /* Resources */,
			);
			buildRules = (
			);
			dependencies = (
			);
			name = "WebAPIKit-watchOS";
			productName = "WebAPIKit-watchOS";
			productReference = 52D6D9E21BEFFF6E002C0205 /* WebAPIKit.framework */;
			productType = "com.apple.product-type.framework";
		};
		52D6D9EF1BEFFFBE002C0205 /* WebAPIKit-tvOS */ = {
			isa = PBXNativeTarget;
			buildConfigurationList = 52D6DA011BEFFFBE002C0205 /* Build configuration list for PBXNativeTarget "WebAPIKit-tvOS" */;
			buildPhases = (
				52D6D9EB1BEFFFBE002C0205 /* Sources */,
				52D6D9EC1BEFFFBE002C0205 /* Frameworks */,
				52D6D9ED1BEFFFBE002C0205 /* Headers */,
				52D6D9EE1BEFFFBE002C0205 /* Resources */,
			);
			buildRules = (
			);
			dependencies = (
			);
			name = "WebAPIKit-tvOS";
			productName = "WebAPIKit-tvOS";
			productReference = 52D6D9F01BEFFFBE002C0205 /* WebAPIKit.framework */;
			productType = "com.apple.product-type.framework";
		};
		52D6DA0E1BF000BD002C0205 /* WebAPIKit-macOS */ = {
			isa = PBXNativeTarget;
			buildConfigurationList = 52D6DA201BF000BD002C0205 /* Build configuration list for PBXNativeTarget "WebAPIKit-macOS" */;
			buildPhases = (
				52D6DA0A1BF000BD002C0205 /* Sources */,
				52D6DA0B1BF000BD002C0205 /* Frameworks */,
				52D6DA0C1BF000BD002C0205 /* Headers */,
				52D6DA0D1BF000BD002C0205 /* Resources */,
				20296CC81E405FA900DDD732 /* swiftlint */,
			);
			buildRules = (
			);
			dependencies = (
			);
			name = "WebAPIKit-macOS";
			productName = "WebAPIKit-macOS";
			productReference = 52D6DA0F1BF000BD002C0205 /* WebAPIKit.framework */;
			productType = "com.apple.product-type.framework";
		};
		DD7502791C68FCFC006590AF /* WebAPIKit-macOS Tests */ = {
			isa = PBXNativeTarget;
			buildConfigurationList = DD7502821C68FCFC006590AF /* Build configuration list for PBXNativeTarget "WebAPIKit-macOS Tests" */;
			buildPhases = (
				DD7502761C68FCFC006590AF /* Sources */,
				DD7502771C68FCFC006590AF /* Frameworks */,
				DD7502781C68FCFC006590AF /* Resources */,
				20F0F7881E40697E00BD9F66 /* CopyFiles */,
			);
			buildRules = (
			);
			dependencies = (
				DD7502811C68FCFC006590AF /* PBXTargetDependency */,
			);
			name = "WebAPIKit-macOS Tests";
			productName = "WebAPIKit-OS Tests";
			productReference = DD75027A1C68FCFC006590AF /* WebAPIKit-macOS Tests.xctest */;
			productType = "com.apple.product-type.bundle.unit-test";
		};
		DD75028C1C690C7A006590AF /* WebAPIKit-tvOS Tests */ = {
			isa = PBXNativeTarget;
			buildConfigurationList = DD7502951C690C7A006590AF /* Build configuration list for PBXNativeTarget "WebAPIKit-tvOS Tests" */;
			buildPhases = (
				DD7502891C690C7A006590AF /* Sources */,
				DD75028A1C690C7A006590AF /* Frameworks */,
				DD75028B1C690C7A006590AF /* Resources */,
				20F0F78F1E40699900BD9F66 /* CopyFiles */,
			);
			buildRules = (
			);
			dependencies = (
				DD7502941C690C7A006590AF /* PBXTargetDependency */,
			);
			name = "WebAPIKit-tvOS Tests";
			productName = "WebAPIKit-tvOS Tests";
			productReference = DD75028D1C690C7A006590AF /* WebAPIKit-tvOS Tests.xctest */;
			productType = "com.apple.product-type.bundle.unit-test";
		};
/* End PBXNativeTarget section */

/* Begin PBXProject section */
		52D6D9731BEFF229002C0205 /* Project object */ = {
			isa = PBXProject;
			attributes = {
				LastSwiftUpdateCheck = 0720;
				LastUpgradeCheck = 0810;
				ORGANIZATIONNAME = WebAPIKit;
				TargetAttributes = {
					52D6D97B1BEFF229002C0205 = {
						CreatedOnToolsVersion = 7.1;
						LastSwiftMigration = 0820;
					};
					52D6D9851BEFF229002C0205 = {
						CreatedOnToolsVersion = 7.1;
						LastSwiftMigration = 0820;
					};
					52D6D9E11BEFFF6E002C0205 = {
						CreatedOnToolsVersion = 7.1;
						LastSwiftMigration = 0820;
					};
					52D6D9EF1BEFFFBE002C0205 = {
						CreatedOnToolsVersion = 7.1;
						LastSwiftMigration = 0820;
					};
					52D6DA0E1BF000BD002C0205 = {
						CreatedOnToolsVersion = 7.1;
						LastSwiftMigration = 0820;
					};
					DD7502791C68FCFC006590AF = {
						CreatedOnToolsVersion = 7.2.1;
						LastSwiftMigration = 0820;
					};
					DD75028C1C690C7A006590AF = {
						CreatedOnToolsVersion = 7.2.1;
						LastSwiftMigration = 0820;
					};
				};
			};
			buildConfigurationList = 52D6D9761BEFF229002C0205 /* Build configuration list for PBXProject "WebAPIKit" */;
			compatibilityVersion = "Xcode 6.3";
			developmentRegion = English;
			hasScannedForEncodings = 0;
			knownRegions = (
				en,
			);
			mainGroup = 52D6D9721BEFF229002C0205;
			productRefGroup = 52D6D97D1BEFF229002C0205 /* Products */;
			projectDirPath = "";
			projectRoot = "";
			targets = (
				52D6D97B1BEFF229002C0205 /* WebAPIKit-iOS */,
				52D6DA0E1BF000BD002C0205 /* WebAPIKit-macOS */,
				52D6D9E11BEFFF6E002C0205 /* WebAPIKit-watchOS */,
				52D6D9EF1BEFFFBE002C0205 /* WebAPIKit-tvOS */,
				52D6D9851BEFF229002C0205 /* WebAPIKit-iOS Tests */,
				DD7502791C68FCFC006590AF /* WebAPIKit-macOS Tests */,
				DD75028C1C690C7A006590AF /* WebAPIKit-tvOS Tests */,
			);
		};
/* End PBXProject section */

/* Begin PBXResourcesBuildPhase section */
		52D6D97A1BEFF229002C0205 /* Resources */ = {
			isa = PBXResourcesBuildPhase;
			buildActionMask = 2147483647;
			files = (
			);
			runOnlyForDeploymentPostprocessing = 0;
		};
		52D6D9841BEFF229002C0205 /* Resources */ = {
			isa = PBXResourcesBuildPhase;
			buildActionMask = 2147483647;
			files = (
			);
			runOnlyForDeploymentPostprocessing = 0;
		};
		52D6D9E01BEFFF6E002C0205 /* Resources */ = {
			isa = PBXResourcesBuildPhase;
			buildActionMask = 2147483647;
			files = (
			);
			runOnlyForDeploymentPostprocessing = 0;
		};
		52D6D9EE1BEFFFBE002C0205 /* Resources */ = {
			isa = PBXResourcesBuildPhase;
			buildActionMask = 2147483647;
			files = (
			);
			runOnlyForDeploymentPostprocessing = 0;
		};
		52D6DA0D1BF000BD002C0205 /* Resources */ = {
			isa = PBXResourcesBuildPhase;
			buildActionMask = 2147483647;
			files = (
			);
			runOnlyForDeploymentPostprocessing = 0;
		};
		DD7502781C68FCFC006590AF /* Resources */ = {
			isa = PBXResourcesBuildPhase;
			buildActionMask = 2147483647;
			files = (
			);
			runOnlyForDeploymentPostprocessing = 0;
		};
		DD75028B1C690C7A006590AF /* Resources */ = {
			isa = PBXResourcesBuildPhase;
			buildActionMask = 2147483647;
			files = (
			);
			runOnlyForDeploymentPostprocessing = 0;
		};
/* End PBXResourcesBuildPhase section */

/* Begin PBXShellScriptBuildPhase section */
		20296CC81E405FA900DDD732 /* swiftlint */ = {
			isa = PBXShellScriptBuildPhase;
			buildActionMask = 2147483647;
			files = (
			);
			inputPaths = (
			);
			name = swiftlint;
			outputPaths = (
			);
			runOnlyForDeploymentPostprocessing = 0;
			shellPath = /bin/sh;
			shellScript = "if which swiftlint >/dev/null; then\n  swift Scripts/swiftlint-trailing-whitespace.swift\n  cd Sources\n  swiftlint\n  cd ../Tests\n  swiftlint\nelse\n  echo \"warning: SwiftLint not installed, download from https://github.com/realm/SwiftLint\"\nfi";
		};
/* End PBXShellScriptBuildPhase section */

/* Begin PBXSourcesBuildPhase section */
		52D6D9771BEFF229002C0205 /* Sources */ = {
			isa = PBXSourcesBuildPhase;
			buildActionMask = 2147483647;
			files = (
				20F0F7C71E407A8D00BD9F66 /* HttpClient.swift in Sources */,
				20296CD91E40626600DDD732 /* RequestHeaderKey.swift in Sources */,
				20F0F7C11E407A8200BD9F66 /* Provider.swift in Sources */,
				20296CE51E40626600DDD732 /* ResponseHeaderKey.swift in Sources */,
				20F34EDC1E46D68D0034002F /* Sender.swift in Sources */,
				2031C33A1E448A2C006356F5 /* Plugin.swift in Sources */,
				20F0F7CD1E407A9A00BD9F66 /* Request.swift in Sources */,
				20296CE91E40626600DDD732 /* StatusCode.swift in Sources */,
				20F0F7D71E407AB500BD9F66 /* Authentication.swift in Sources */,
				2031C3341E4474DB006356F5 /* Errors.swift in Sources */,
				20296CA11E405B2400DDD732 /* WebAPIKit.swift in Sources */,
				202F2DC31E45440500D55055 /* Response.swift in Sources */,
			);
			runOnlyForDeploymentPostprocessing = 0;
		};
		52D6D9821BEFF229002C0205 /* Sources */ = {
			isa = PBXSourcesBuildPhase;
			buildActionMask = 2147483647;
			files = (
				20296CAB1E405BE100DDD732 /* WebAPIKitTests.swift in Sources */,
				20F0F7BC1E40746100BD9F66 /* StatusCodeSpec.swift in Sources */,
				20F0F7801E40683700BD9F66 /* RawValueWrappersSpec.swift in Sources */,
				2031C3301E446DF2006356F5 /* RequestSpec.swift in Sources */,
				20F0F7B41E40714D00BD9F66 /* ResponseHeaderKeySpec.swift in Sources */,
			);
			runOnlyForDeploymentPostprocessing = 0;
		};
		52D6D9DD1BEFFF6E002C0205 /* Sources */ = {
			isa = PBXSourcesBuildPhase;
			buildActionMask = 2147483647;
			files = (
				20F0F7C91E407A8D00BD9F66 /* HttpClient.swift in Sources */,
				20296CDB1E40626600DDD732 /* RequestHeaderKey.swift in Sources */,
				20F0F7C31E407A8200BD9F66 /* Provider.swift in Sources */,
				20296CE71E40626600DDD732 /* ResponseHeaderKey.swift in Sources */,
				20F34EDE1E46D68D0034002F /* Sender.swift in Sources */,
				2031C33C1E448A2C006356F5 /* Plugin.swift in Sources */,
				20F0F7CF1E407A9A00BD9F66 /* Request.swift in Sources */,
				20296CEB1E40626600DDD732 /* StatusCode.swift in Sources */,
				20F0F7D91E407AB500BD9F66 /* Authentication.swift in Sources */,
				2031C3361E4474DB006356F5 /* Errors.swift in Sources */,
				20296CA31E405B2400DDD732 /* WebAPIKit.swift in Sources */,
				202F2DC51E45440500D55055 /* Response.swift in Sources */,
			);
			runOnlyForDeploymentPostprocessing = 0;
		};
		52D6D9EB1BEFFFBE002C0205 /* Sources */ = {
			isa = PBXSourcesBuildPhase;
			buildActionMask = 2147483647;
			files = (
				20F0F7CA1E407A8D00BD9F66 /* HttpClient.swift in Sources */,
				20296CDC1E40626600DDD732 /* RequestHeaderKey.swift in Sources */,
				20F0F7C41E407A8200BD9F66 /* Provider.swift in Sources */,
				20296CE81E40626600DDD732 /* ResponseHeaderKey.swift in Sources */,
				20F34EDF1E46D68D0034002F /* Sender.swift in Sources */,
				2031C33D1E448A2C006356F5 /* Plugin.swift in Sources */,
				20F0F7D01E407A9A00BD9F66 /* Request.swift in Sources */,
				20296CEC1E40626600DDD732 /* StatusCode.swift in Sources */,
				20F0F7DA1E407AB500BD9F66 /* Authentication.swift in Sources */,
				2031C3371E4474DB006356F5 /* Errors.swift in Sources */,
				20296CA41E405B2400DDD732 /* WebAPIKit.swift in Sources */,
				202F2DC61E45440500D55055 /* Response.swift in Sources */,
			);
			runOnlyForDeploymentPostprocessing = 0;
		};
		52D6DA0A1BF000BD002C0205 /* Sources */ = {
			isa = PBXSourcesBuildPhase;
			buildActionMask = 2147483647;
			files = (
				20F0F7C81E407A8D00BD9F66 /* HttpClient.swift in Sources */,
				20296CDA1E40626600DDD732 /* RequestHeaderKey.swift in Sources */,
				20F0F7C21E407A8200BD9F66 /* Provider.swift in Sources */,
				20296CE61E40626600DDD732 /* ResponseHeaderKey.swift in Sources */,
				20F34EDD1E46D68D0034002F /* Sender.swift in Sources */,
				2031C33B1E448A2C006356F5 /* Plugin.swift in Sources */,
				20F0F7CE1E407A9A00BD9F66 /* Request.swift in Sources */,
				20296CEA1E40626600DDD732 /* StatusCode.swift in Sources */,
				20F0F7D81E407AB500BD9F66 /* Authentication.swift in Sources */,
				2031C3351E4474DB006356F5 /* Errors.swift in Sources */,
				20296CA21E405B2400DDD732 /* WebAPIKit.swift in Sources */,
				202F2DC41E45440500D55055 /* Response.swift in Sources */,
			);
			runOnlyForDeploymentPostprocessing = 0;
		};
		DD7502761C68FCFC006590AF /* Sources */ = {
			isa = PBXSourcesBuildPhase;
			buildActionMask = 2147483647;
			files = (
				20296CAC1E405BE100DDD732 /* WebAPIKitTests.swift in Sources */,
				20F0F7BD1E40746100BD9F66 /* StatusCodeSpec.swift in Sources */,
				20296CEF1E4064D100DDD732 /* RawValueWrappersSpec.swift in Sources */,
				2031C3311E446DF2006356F5 /* RequestSpec.swift in Sources */,
				20F0F7B51E40714D00BD9F66 /* ResponseHeaderKeySpec.swift in Sources */,
			);
			runOnlyForDeploymentPostprocessing = 0;
		};
		DD7502891C690C7A006590AF /* Sources */ = {
			isa = PBXSourcesBuildPhase;
			buildActionMask = 2147483647;
			files = (
				20296CAD1E405BE100DDD732 /* WebAPIKitTests.swift in Sources */,
				20F0F7BE1E40746100BD9F66 /* StatusCodeSpec.swift in Sources */,
				20296CF01E4064D100DDD732 /* RawValueWrappersSpec.swift in Sources */,
				2031C3321E446DF2006356F5 /* RequestSpec.swift in Sources */,
				20F0F7B61E40714D00BD9F66 /* ResponseHeaderKeySpec.swift in Sources */,
			);
			runOnlyForDeploymentPostprocessing = 0;
		};
/* End PBXSourcesBuildPhase section */

/* Begin PBXTargetDependency section */
		52D6D9891BEFF229002C0205 /* PBXTargetDependency */ = {
			isa = PBXTargetDependency;
			target = 52D6D97B1BEFF229002C0205 /* WebAPIKit-iOS */;
			targetProxy = 52D6D9881BEFF229002C0205 /* PBXContainerItemProxy */;
		};
		DD7502811C68FCFC006590AF /* PBXTargetDependency */ = {
			isa = PBXTargetDependency;
			target = 52D6DA0E1BF000BD002C0205 /* WebAPIKit-macOS */;
			targetProxy = DD7502801C68FCFC006590AF /* PBXContainerItemProxy */;
		};
		DD7502941C690C7A006590AF /* PBXTargetDependency */ = {
			isa = PBXTargetDependency;
			target = 52D6D9EF1BEFFFBE002C0205 /* WebAPIKit-tvOS */;
			targetProxy = DD7502931C690C7A006590AF /* PBXContainerItemProxy */;
		};
/* End PBXTargetDependency section */

/* Begin XCBuildConfiguration section */
		52D6D98E1BEFF229002C0205 /* Debug */ = {
			isa = XCBuildConfiguration;
			buildSettings = {
				ALWAYS_SEARCH_USER_PATHS = NO;
				CLANG_CXX_LANGUAGE_STANDARD = "gnu++0x";
				CLANG_CXX_LIBRARY = "libc++";
				CLANG_ENABLE_MODULES = YES;
				CLANG_ENABLE_OBJC_ARC = YES;
				CLANG_WARN_BOOL_CONVERSION = YES;
				CLANG_WARN_CONSTANT_CONVERSION = YES;
				CLANG_WARN_DIRECT_OBJC_ISA_USAGE = YES_ERROR;
				CLANG_WARN_EMPTY_BODY = YES;
				CLANG_WARN_ENUM_CONVERSION = YES;
				CLANG_WARN_INFINITE_RECURSION = YES;
				CLANG_WARN_INT_CONVERSION = YES;
				CLANG_WARN_OBJC_ROOT_CLASS = YES_ERROR;
				CLANG_WARN_SUSPICIOUS_MOVE = YES;
				CLANG_WARN_UNREACHABLE_CODE = YES;
				CLANG_WARN__DUPLICATE_METHOD_MATCH = YES;
				"CODE_SIGN_IDENTITY[sdk=iphoneos*]" = "iPhone Developer";
				COPY_PHASE_STRIP = NO;
				CURRENT_PROJECT_VERSION = 1;
				DEBUG_INFORMATION_FORMAT = dwarf;
				ENABLE_STRICT_OBJC_MSGSEND = YES;
				ENABLE_TESTABILITY = YES;
				GCC_C_LANGUAGE_STANDARD = gnu99;
				GCC_DYNAMIC_NO_PIC = NO;
				GCC_NO_COMMON_BLOCKS = YES;
				GCC_OPTIMIZATION_LEVEL = 0;
				GCC_PREPROCESSOR_DEFINITIONS = (
					"DEBUG=1",
					"$(inherited)",
				);
				GCC_WARN_64_TO_32_BIT_CONVERSION = YES;
				GCC_WARN_ABOUT_RETURN_TYPE = YES_ERROR;
				GCC_WARN_UNDECLARED_SELECTOR = YES;
				GCC_WARN_UNINITIALIZED_AUTOS = YES_AGGRESSIVE;
				GCC_WARN_UNUSED_FUNCTION = YES;
				GCC_WARN_UNUSED_VARIABLE = YES;
				IPHONEOS_DEPLOYMENT_TARGET = 8.0;
				MTL_ENABLE_DEBUG_INFO = YES;
				ONLY_ACTIVE_ARCH = YES;
				SDKROOT = iphoneos;
				SWIFT_OPTIMIZATION_LEVEL = "-Onone";
				SWIFT_VERSION = 3.0;
				TARGETED_DEVICE_FAMILY = "1,2";
				VERSIONING_SYSTEM = "apple-generic";
				VERSION_INFO_PREFIX = "";
			};
			name = Debug;
		};
		52D6D98F1BEFF229002C0205 /* Release */ = {
			isa = XCBuildConfiguration;
			buildSettings = {
				ALWAYS_SEARCH_USER_PATHS = NO;
				CLANG_CXX_LANGUAGE_STANDARD = "gnu++0x";
				CLANG_CXX_LIBRARY = "libc++";
				CLANG_ENABLE_MODULES = YES;
				CLANG_ENABLE_OBJC_ARC = YES;
				CLANG_WARN_BOOL_CONVERSION = YES;
				CLANG_WARN_CONSTANT_CONVERSION = YES;
				CLANG_WARN_DIRECT_OBJC_ISA_USAGE = YES_ERROR;
				CLANG_WARN_EMPTY_BODY = YES;
				CLANG_WARN_ENUM_CONVERSION = YES;
				CLANG_WARN_INFINITE_RECURSION = YES;
				CLANG_WARN_INT_CONVERSION = YES;
				CLANG_WARN_OBJC_ROOT_CLASS = YES_ERROR;
				CLANG_WARN_SUSPICIOUS_MOVE = YES;
				CLANG_WARN_UNREACHABLE_CODE = YES;
				CLANG_WARN__DUPLICATE_METHOD_MATCH = YES;
				"CODE_SIGN_IDENTITY[sdk=iphoneos*]" = "iPhone Developer";
				COPY_PHASE_STRIP = NO;
				CURRENT_PROJECT_VERSION = 1;
				DEBUG_INFORMATION_FORMAT = "dwarf-with-dsym";
				ENABLE_NS_ASSERTIONS = NO;
				ENABLE_STRICT_OBJC_MSGSEND = YES;
				GCC_C_LANGUAGE_STANDARD = gnu99;
				GCC_NO_COMMON_BLOCKS = YES;
				GCC_WARN_64_TO_32_BIT_CONVERSION = YES;
				GCC_WARN_ABOUT_RETURN_TYPE = YES_ERROR;
				GCC_WARN_UNDECLARED_SELECTOR = YES;
				GCC_WARN_UNINITIALIZED_AUTOS = YES_AGGRESSIVE;
				GCC_WARN_UNUSED_FUNCTION = YES;
				GCC_WARN_UNUSED_VARIABLE = YES;
				IPHONEOS_DEPLOYMENT_TARGET = 8.0;
				MTL_ENABLE_DEBUG_INFO = NO;
				SDKROOT = iphoneos;
				SWIFT_VERSION = 3.0;
				TARGETED_DEVICE_FAMILY = "1,2";
				VALIDATE_PRODUCT = YES;
				VERSIONING_SYSTEM = "apple-generic";
				VERSION_INFO_PREFIX = "";
			};
			name = Release;
		};
		52D6D9911BEFF229002C0205 /* Debug */ = {
			isa = XCBuildConfiguration;
			buildSettings = {
				APPLICATION_EXTENSION_API_ONLY = YES;
				CLANG_ENABLE_MODULES = YES;
				"CODE_SIGN_IDENTITY[sdk=iphoneos*]" = "";
				DEFINES_MODULE = YES;
				DYLIB_COMPATIBILITY_VERSION = 1;
				DYLIB_CURRENT_VERSION = 1;
				DYLIB_INSTALL_NAME_BASE = "@rpath";
				FRAMEWORK_SEARCH_PATHS = (
					"$(inherited)",
					"$(PROJECT_DIR)/Carthage/Build/iOS",
				);
				INFOPLIST_FILE = Configs/WebAPIKit.plist;
				INSTALL_PATH = "$(LOCAL_LIBRARY_DIR)/Frameworks";
				IPHONEOS_DEPLOYMENT_TARGET = 8.0;
				LD_RUNPATH_SEARCH_PATHS = "$(inherited) @executable_path/Frameworks @loader_path/Frameworks";
				ONLY_ACTIVE_ARCH = NO;
				PRODUCT_BUNDLE_IDENTIFIER = "com.WebAPIKit.WebAPIKit-iOS";
				PRODUCT_NAME = WebAPIKit;
				SKIP_INSTALL = YES;
				SWIFT_OPTIMIZATION_LEVEL = "-Onone";
				SWIFT_VERSION = 3.0;
			};
			name = Debug;
		};
		52D6D9921BEFF229002C0205 /* Release */ = {
			isa = XCBuildConfiguration;
			buildSettings = {
				APPLICATION_EXTENSION_API_ONLY = YES;
				CLANG_ENABLE_MODULES = YES;
				"CODE_SIGN_IDENTITY[sdk=iphoneos*]" = "";
				DEFINES_MODULE = YES;
				DYLIB_COMPATIBILITY_VERSION = 1;
				DYLIB_CURRENT_VERSION = 1;
				DYLIB_INSTALL_NAME_BASE = "@rpath";
				FRAMEWORK_SEARCH_PATHS = (
					"$(inherited)",
					"$(PROJECT_DIR)/Carthage/Build/iOS",
				);
				INFOPLIST_FILE = Configs/WebAPIKit.plist;
				INSTALL_PATH = "$(LOCAL_LIBRARY_DIR)/Frameworks";
				IPHONEOS_DEPLOYMENT_TARGET = 8.0;
				LD_RUNPATH_SEARCH_PATHS = "$(inherited) @executable_path/Frameworks @loader_path/Frameworks";
				PRODUCT_BUNDLE_IDENTIFIER = "com.WebAPIKit.WebAPIKit-iOS";
				PRODUCT_NAME = WebAPIKit;
				SKIP_INSTALL = YES;
				SWIFT_OPTIMIZATION_LEVEL = "-Owholemodule";
				SWIFT_VERSION = 3.0;
			};
			name = Release;
		};
		52D6D9941BEFF229002C0205 /* Debug */ = {
			isa = XCBuildConfiguration;
			buildSettings = {
				CLANG_ENABLE_MODULES = YES;
				FRAMEWORK_SEARCH_PATHS = (
					"$(inherited)",
					"$(PROJECT_DIR)/Carthage/Build/iOS",
				);
				INFOPLIST_FILE = Configs/WebAPIKitTests.plist;
				LD_RUNPATH_SEARCH_PATHS = "$(inherited) @executable_path/Frameworks @loader_path/Frameworks";
				PRODUCT_BUNDLE_IDENTIFIER = "com.WebAPIKit.WebAPIKit-iOS-Tests";
				PRODUCT_NAME = "$(TARGET_NAME)";
				SWIFT_OPTIMIZATION_LEVEL = "-Onone";
				SWIFT_VERSION = 3.0;
			};
			name = Debug;
		};
		52D6D9951BEFF229002C0205 /* Release */ = {
			isa = XCBuildConfiguration;
			buildSettings = {
				CLANG_ENABLE_MODULES = YES;
				FRAMEWORK_SEARCH_PATHS = (
					"$(inherited)",
					"$(PROJECT_DIR)/Carthage/Build/iOS",
				);
				INFOPLIST_FILE = Configs/WebAPIKitTests.plist;
				LD_RUNPATH_SEARCH_PATHS = "$(inherited) @executable_path/Frameworks @loader_path/Frameworks";
				PRODUCT_BUNDLE_IDENTIFIER = "com.WebAPIKit.WebAPIKit-iOS-Tests";
				PRODUCT_NAME = "$(TARGET_NAME)";
				SWIFT_OPTIMIZATION_LEVEL = "-Owholemodule";
				SWIFT_VERSION = 3.0;
			};
			name = Release;
		};
		52D6D9E81BEFFF6E002C0205 /* Debug */ = {
			isa = XCBuildConfiguration;
			buildSettings = {
				APPLICATION_EXTENSION_API_ONLY = YES;
				"CODE_SIGN_IDENTITY[sdk=watchos*]" = "";
				DEFINES_MODULE = YES;
				DYLIB_COMPATIBILITY_VERSION = 1;
				DYLIB_CURRENT_VERSION = 1;
				DYLIB_INSTALL_NAME_BASE = "@rpath";
				FRAMEWORK_SEARCH_PATHS = (
					"$(inherited)",
					"$(PROJECT_DIR)/Carthage/Build/watchOS",
				);
				INFOPLIST_FILE = Configs/WebAPIKit.plist;
				INSTALL_PATH = "$(LOCAL_LIBRARY_DIR)/Frameworks";
				LD_RUNPATH_SEARCH_PATHS = "$(inherited) @executable_path/Frameworks @loader_path/Frameworks";
				PRODUCT_BUNDLE_IDENTIFIER = "com.WebAPIKit.WebAPIKit-watchOS";
				PRODUCT_NAME = WebAPIKit;
				SDKROOT = watchos;
				SKIP_INSTALL = YES;
				SWIFT_VERSION = 3.0;
				TARGETED_DEVICE_FAMILY = 4;
				WATCHOS_DEPLOYMENT_TARGET = 2.0;
			};
			name = Debug;
		};
		52D6D9E91BEFFF6E002C0205 /* Release */ = {
			isa = XCBuildConfiguration;
			buildSettings = {
				APPLICATION_EXTENSION_API_ONLY = YES;
				"CODE_SIGN_IDENTITY[sdk=watchos*]" = "";
				DEFINES_MODULE = YES;
				DYLIB_COMPATIBILITY_VERSION = 1;
				DYLIB_CURRENT_VERSION = 1;
				DYLIB_INSTALL_NAME_BASE = "@rpath";
				FRAMEWORK_SEARCH_PATHS = (
					"$(inherited)",
					"$(PROJECT_DIR)/Carthage/Build/watchOS",
				);
				INFOPLIST_FILE = Configs/WebAPIKit.plist;
				INSTALL_PATH = "$(LOCAL_LIBRARY_DIR)/Frameworks";
				LD_RUNPATH_SEARCH_PATHS = "$(inherited) @executable_path/Frameworks @loader_path/Frameworks";
				PRODUCT_BUNDLE_IDENTIFIER = "com.WebAPIKit.WebAPIKit-watchOS";
				PRODUCT_NAME = WebAPIKit;
				SDKROOT = watchos;
				SKIP_INSTALL = YES;
				SWIFT_OPTIMIZATION_LEVEL = "-Owholemodule";
				SWIFT_VERSION = 3.0;
				TARGETED_DEVICE_FAMILY = 4;
				WATCHOS_DEPLOYMENT_TARGET = 2.0;
			};
			name = Release;
		};
		52D6DA021BEFFFBE002C0205 /* Debug */ = {
			isa = XCBuildConfiguration;
			buildSettings = {
				APPLICATION_EXTENSION_API_ONLY = YES;
				"CODE_SIGN_IDENTITY[sdk=appletvos*]" = "";
				DEFINES_MODULE = YES;
				DYLIB_COMPATIBILITY_VERSION = 1;
				DYLIB_CURRENT_VERSION = 1;
				DYLIB_INSTALL_NAME_BASE = "@rpath";
				FRAMEWORK_SEARCH_PATHS = (
					"$(inherited)",
					"$(PROJECT_DIR)/Carthage/Build/tvOS",
				);
				INFOPLIST_FILE = Configs/WebAPIKit.plist;
				INSTALL_PATH = "$(LOCAL_LIBRARY_DIR)/Frameworks";
				LD_RUNPATH_SEARCH_PATHS = "$(inherited) @executable_path/Frameworks @loader_path/Frameworks";
				PRODUCT_BUNDLE_IDENTIFIER = "com.WebAPIKit.WebAPIKit-tvOS";
				PRODUCT_NAME = WebAPIKit;
				SDKROOT = appletvos;
				SKIP_INSTALL = YES;
				SWIFT_VERSION = 3.0;
				TARGETED_DEVICE_FAMILY = 3;
				TVOS_DEPLOYMENT_TARGET = 9.0;
			};
			name = Debug;
		};
		52D6DA031BEFFFBE002C0205 /* Release */ = {
			isa = XCBuildConfiguration;
			buildSettings = {
				APPLICATION_EXTENSION_API_ONLY = YES;
				"CODE_SIGN_IDENTITY[sdk=appletvos*]" = "";
				DEFINES_MODULE = YES;
				DYLIB_COMPATIBILITY_VERSION = 1;
				DYLIB_CURRENT_VERSION = 1;
				DYLIB_INSTALL_NAME_BASE = "@rpath";
				FRAMEWORK_SEARCH_PATHS = (
					"$(inherited)",
					"$(PROJECT_DIR)/Carthage/Build/tvOS",
				);
				INFOPLIST_FILE = Configs/WebAPIKit.plist;
				INSTALL_PATH = "$(LOCAL_LIBRARY_DIR)/Frameworks";
				LD_RUNPATH_SEARCH_PATHS = "$(inherited) @executable_path/Frameworks @loader_path/Frameworks";
				PRODUCT_BUNDLE_IDENTIFIER = "com.WebAPIKit.WebAPIKit-tvOS";
				PRODUCT_NAME = WebAPIKit;
				SDKROOT = appletvos;
				SKIP_INSTALL = YES;
				SWIFT_OPTIMIZATION_LEVEL = "-Owholemodule";
				SWIFT_VERSION = 3.0;
				TARGETED_DEVICE_FAMILY = 3;
				TVOS_DEPLOYMENT_TARGET = 9.0;
			};
			name = Release;
		};
		52D6DA211BF000BD002C0205 /* Debug */ = {
			isa = XCBuildConfiguration;
			buildSettings = {
				APPLICATION_EXTENSION_API_ONLY = YES;
				CODE_SIGN_IDENTITY = "-";
				COMBINE_HIDPI_IMAGES = YES;
				DEFINES_MODULE = YES;
				DYLIB_COMPATIBILITY_VERSION = 1;
				DYLIB_CURRENT_VERSION = 1;
				DYLIB_INSTALL_NAME_BASE = "@rpath";
				FRAMEWORK_SEARCH_PATHS = (
					"$(inherited)",
					"$(PROJECT_DIR)/Carthage/Build/Mac",
				);
				FRAMEWORK_VERSION = A;
				INFOPLIST_FILE = Configs/WebAPIKit.plist;
				INSTALL_PATH = "$(LOCAL_LIBRARY_DIR)/Frameworks";
				LD_RUNPATH_SEARCH_PATHS = "$(inherited) @executable_path/../Frameworks @loader_path/Frameworks";
				MACOSX_DEPLOYMENT_TARGET = 10.10;
				PRODUCT_BUNDLE_IDENTIFIER = "com.WebAPIKit.WebAPIKit-macOS";
				PRODUCT_NAME = WebAPIKit;
				SDKROOT = macosx;
				SKIP_INSTALL = YES;
				SWIFT_VERSION = 3.0;
			};
			name = Debug;
		};
		52D6DA221BF000BD002C0205 /* Release */ = {
			isa = XCBuildConfiguration;
			buildSettings = {
				APPLICATION_EXTENSION_API_ONLY = YES;
				CODE_SIGN_IDENTITY = "-";
				COMBINE_HIDPI_IMAGES = YES;
				DEFINES_MODULE = YES;
				DYLIB_COMPATIBILITY_VERSION = 1;
				DYLIB_CURRENT_VERSION = 1;
				DYLIB_INSTALL_NAME_BASE = "@rpath";
				FRAMEWORK_SEARCH_PATHS = (
					"$(inherited)",
					"$(PROJECT_DIR)/Carthage/Build/Mac",
				);
				FRAMEWORK_VERSION = A;
				INFOPLIST_FILE = Configs/WebAPIKit.plist;
				INSTALL_PATH = "$(LOCAL_LIBRARY_DIR)/Frameworks";
				LD_RUNPATH_SEARCH_PATHS = "$(inherited) @executable_path/../Frameworks @loader_path/Frameworks";
				MACOSX_DEPLOYMENT_TARGET = 10.10;
				PRODUCT_BUNDLE_IDENTIFIER = "com.WebAPIKit.WebAPIKit-macOS";
				PRODUCT_NAME = WebAPIKit;
				SDKROOT = macosx;
				SKIP_INSTALL = YES;
				SWIFT_OPTIMIZATION_LEVEL = "-Owholemodule";
				SWIFT_VERSION = 3.0;
			};
			name = Release;
		};
		DD7502831C68FCFC006590AF /* Debug */ = {
			isa = XCBuildConfiguration;
			buildSettings = {
				CODE_SIGN_IDENTITY = "-";
				COMBINE_HIDPI_IMAGES = YES;
				FRAMEWORK_SEARCH_PATHS = (
					"$(inherited)",
					"$(PROJECT_DIR)/Carthage/Build/Mac",
				);
				INFOPLIST_FILE = Configs/WebAPIKitTests.plist;
				LD_RUNPATH_SEARCH_PATHS = "$(inherited) @executable_path/../Frameworks @loader_path/../Frameworks";
				MACOSX_DEPLOYMENT_TARGET = 10.11;
				PRODUCT_BUNDLE_IDENTIFIER = "com.WebAPIKit.WebAPIKit-macOS-Tests";
				PRODUCT_NAME = "$(TARGET_NAME)";
				SDKROOT = macosx;
				SWIFT_VERSION = 3.0;
			};
			name = Debug;
		};
		DD7502841C68FCFC006590AF /* Release */ = {
			isa = XCBuildConfiguration;
			buildSettings = {
				CODE_SIGN_IDENTITY = "-";
				COMBINE_HIDPI_IMAGES = YES;
				FRAMEWORK_SEARCH_PATHS = (
					"$(inherited)",
					"$(PROJECT_DIR)/Carthage/Build/Mac",
				);
				INFOPLIST_FILE = Configs/WebAPIKitTests.plist;
				LD_RUNPATH_SEARCH_PATHS = "$(inherited) @executable_path/../Frameworks @loader_path/../Frameworks";
				MACOSX_DEPLOYMENT_TARGET = 10.11;
				PRODUCT_BUNDLE_IDENTIFIER = "com.WebAPIKit.WebAPIKit-macOS-Tests";
				PRODUCT_NAME = "$(TARGET_NAME)";
				SDKROOT = macosx;
				SWIFT_OPTIMIZATION_LEVEL = "-Owholemodule";
				SWIFT_VERSION = 3.0;
			};
			name = Release;
		};
		DD7502961C690C7A006590AF /* Debug */ = {
			isa = XCBuildConfiguration;
			buildSettings = {
				FRAMEWORK_SEARCH_PATHS = (
					"$(inherited)",
					"$(PROJECT_DIR)/Carthage/Build/tvOS",
				);
				INFOPLIST_FILE = Configs/WebAPIKitTests.plist;
				LD_RUNPATH_SEARCH_PATHS = "$(inherited) @executable_path/Frameworks @loader_path/Frameworks";
				PRODUCT_BUNDLE_IDENTIFIER = "com.WebAPIKit.WebAPIKit-tvOS-Tests";
				PRODUCT_NAME = "$(TARGET_NAME)";
				SDKROOT = appletvos;
				SWIFT_VERSION = 3.0;
				TVOS_DEPLOYMENT_TARGET = 9.1;
			};
			name = Debug;
		};
		DD7502971C690C7A006590AF /* Release */ = {
			isa = XCBuildConfiguration;
			buildSettings = {
				FRAMEWORK_SEARCH_PATHS = (
					"$(inherited)",
					"$(PROJECT_DIR)/Carthage/Build/tvOS",
				);
				INFOPLIST_FILE = Configs/WebAPIKitTests.plist;
				LD_RUNPATH_SEARCH_PATHS = "$(inherited) @executable_path/Frameworks @loader_path/Frameworks";
				PRODUCT_BUNDLE_IDENTIFIER = "com.WebAPIKit.WebAPIKit-tvOS-Tests";
				PRODUCT_NAME = "$(TARGET_NAME)";
				SDKROOT = appletvos;
				SWIFT_OPTIMIZATION_LEVEL = "-Owholemodule";
				SWIFT_VERSION = 3.0;
				TVOS_DEPLOYMENT_TARGET = 9.1;
			};
			name = Release;
		};
/* End XCBuildConfiguration section */

/* Begin XCConfigurationList section */
		52D6D9761BEFF229002C0205 /* Build configuration list for PBXProject "WebAPIKit" */ = {
			isa = XCConfigurationList;
			buildConfigurations = (
				52D6D98E1BEFF229002C0205 /* Debug */,
				52D6D98F1BEFF229002C0205 /* Release */,
			);
			defaultConfigurationIsVisible = 0;
			defaultConfigurationName = Release;
		};
		52D6D9901BEFF229002C0205 /* Build configuration list for PBXNativeTarget "WebAPIKit-iOS" */ = {
			isa = XCConfigurationList;
			buildConfigurations = (
				52D6D9911BEFF229002C0205 /* Debug */,
				52D6D9921BEFF229002C0205 /* Release */,
			);
			defaultConfigurationIsVisible = 0;
			defaultConfigurationName = Release;
		};
		52D6D9931BEFF229002C0205 /* Build configuration list for PBXNativeTarget "WebAPIKit-iOS Tests" */ = {
			isa = XCConfigurationList;
			buildConfigurations = (
				52D6D9941BEFF229002C0205 /* Debug */,
				52D6D9951BEFF229002C0205 /* Release */,
			);
			defaultConfigurationIsVisible = 0;
			defaultConfigurationName = Release;
		};
		52D6D9E71BEFFF6E002C0205 /* Build configuration list for PBXNativeTarget "WebAPIKit-watchOS" */ = {
			isa = XCConfigurationList;
			buildConfigurations = (
				52D6D9E81BEFFF6E002C0205 /* Debug */,
				52D6D9E91BEFFF6E002C0205 /* Release */,
			);
			defaultConfigurationIsVisible = 0;
			defaultConfigurationName = Release;
		};
		52D6DA011BEFFFBE002C0205 /* Build configuration list for PBXNativeTarget "WebAPIKit-tvOS" */ = {
			isa = XCConfigurationList;
			buildConfigurations = (
				52D6DA021BEFFFBE002C0205 /* Debug */,
				52D6DA031BEFFFBE002C0205 /* Release */,
			);
			defaultConfigurationIsVisible = 0;
			defaultConfigurationName = Release;
		};
		52D6DA201BF000BD002C0205 /* Build configuration list for PBXNativeTarget "WebAPIKit-macOS" */ = {
			isa = XCConfigurationList;
			buildConfigurations = (
				52D6DA211BF000BD002C0205 /* Debug */,
				52D6DA221BF000BD002C0205 /* Release */,
			);
			defaultConfigurationIsVisible = 0;
			defaultConfigurationName = Release;
		};
		DD7502821C68FCFC006590AF /* Build configuration list for PBXNativeTarget "WebAPIKit-macOS Tests" */ = {
			isa = XCConfigurationList;
			buildConfigurations = (
				DD7502831C68FCFC006590AF /* Debug */,
				DD7502841C68FCFC006590AF /* Release */,
			);
			defaultConfigurationIsVisible = 0;
			defaultConfigurationName = Release;
		};
		DD7502951C690C7A006590AF /* Build configuration list for PBXNativeTarget "WebAPIKit-tvOS Tests" */ = {
			isa = XCConfigurationList;
			buildConfigurations = (
				DD7502961C690C7A006590AF /* Debug */,
				DD7502971C690C7A006590AF /* Release */,
			);
			defaultConfigurationIsVisible = 0;
			defaultConfigurationName = Release;
		};
/* End XCConfigurationList section */
	};
	rootObject = 52D6D9731BEFF229002C0205 /* Project object */;
}
